// !$*UTF8*$!
{
	archiveVersion = 1;
	classes = {
	};
	objectVersion = 56;
	objects = {

/* Begin PBXBuildFile section */
		81325C7729D101640063F0E1 /* AppDelegate.swift in Sources */ = {isa = PBXBuildFile; fileRef = 81325C7629D101640063F0E1 /* AppDelegate.swift */; };
		81325C7929D101640063F0E1 /* ImageRecognitionViewControllerImpl.swift in Sources */ = {isa = PBXBuildFile; fileRef = 81325C7829D101640063F0E1 /* ImageRecognitionViewControllerImpl.swift */; };
		81325C7B29D101640063F0E1 /* Experience.rcproject in Sources */ = {isa = PBXBuildFile; fileRef = 81325C7A29D101640063F0E1 /* Experience.rcproject */; };
		81325C8029D101660063F0E1 /* Assets.xcassets in Resources */ = {isa = PBXBuildFile; fileRef = 81325C7F29D101660063F0E1 /* Assets.xcassets */; };
		81325C8329D101660063F0E1 /* LaunchScreen.storyboard in Resources */ = {isa = PBXBuildFile; fileRef = 81325C8129D101660063F0E1 /* LaunchScreen.storyboard */; };
		81325C8D29D101660063F0E1 /* BulARTests.swift in Sources */ = {isa = PBXBuildFile; fileRef = 81325C8C29D101660063F0E1 /* BulARTests.swift */; };
		81325C9729D101660063F0E1 /* BulARUITests.swift in Sources */ = {isa = PBXBuildFile; fileRef = 81325C9629D101660063F0E1 /* BulARUITests.swift */; };
		81325C9929D101660063F0E1 /* BulARUITestsLaunchTests.swift in Sources */ = {isa = PBXBuildFile; fileRef = 81325C9829D101660063F0E1 /* BulARUITestsLaunchTests.swift */; };
		813EEA9C29F05EB200A0CE97 /* Bula.swift in Sources */ = {isa = PBXBuildFile; fileRef = 813EEA9B29F05EB200A0CE97 /* Bula.swift */; };
		813EEA9E29F05EC300A0CE97 /* Categoria.swift in Sources */ = {isa = PBXBuildFile; fileRef = 813EEA9D29F05EC300A0CE97 /* Categoria.swift */; };
		813EEAA029F05ECB00A0CE97 /* Fabricante.swift in Sources */ = {isa = PBXBuildFile; fileRef = 813EEA9F29F05ECB00A0CE97 /* Fabricante.swift */; };
		813EEAA329F6ECAD00A0CE97 /* MedicineDetailsViewController.swift in Sources */ = {isa = PBXBuildFile; fileRef = 813EEAA229F6ECAD00A0CE97 /* MedicineDetailsViewController.swift */; };
		813EEAA529F6ECB400A0CE97 /* MedicineDetailsFactory.swift in Sources */ = {isa = PBXBuildFile; fileRef = 813EEAA429F6ECB400A0CE97 /* MedicineDetailsFactory.swift */; };
		813EEAA729F6ECBE00A0CE97 /* MedicineDetailsRouter.swift in Sources */ = {isa = PBXBuildFile; fileRef = 813EEAA629F6ECBE00A0CE97 /* MedicineDetailsRouter.swift */; };
		813EEAA929F6ECC700A0CE97 /* MedicineDetailsInteractor.swift in Sources */ = {isa = PBXBuildFile; fileRef = 813EEAA829F6ECC700A0CE97 /* MedicineDetailsInteractor.swift */; };
		813EEAAB29F6ECCE00A0CE97 /* MedicineDetailsView.swift in Sources */ = {isa = PBXBuildFile; fileRef = 813EEAAA29F6ECCE00A0CE97 /* MedicineDetailsView.swift */; };
		813EEAAD29F6ED9600A0CE97 /* MedicineDetailsPresenter.swift in Sources */ = {isa = PBXBuildFile; fileRef = 813EEAAC29F6ED9600A0CE97 /* MedicineDetailsPresenter.swift */; };
		814E54E129D110900040A2F1 /* ImageRecognitionFactory.swift in Sources */ = {isa = PBXBuildFile; fileRef = 814E54E029D110900040A2F1 /* ImageRecognitionFactory.swift */; };
		816C92AB2A6EBB46007DEEE5 /* ImageRecognitionRouterImpl.swift in Sources */ = {isa = PBXBuildFile; fileRef = 816C92AA2A6EBB46007DEEE5 /* ImageRecognitionRouterImpl.swift */; };
		816C92AD2A6EC0E4007DEEE5 /* ImageRecognitionInteractorImpl.swift in Sources */ = {isa = PBXBuildFile; fileRef = 816C92AC2A6EC0E4007DEEE5 /* ImageRecognitionInteractorImpl.swift */; };
		816C92AF2A6EC120007DEEE5 /* ImageRecognitionWorkerImpl.swift in Sources */ = {isa = PBXBuildFile; fileRef = 816C92AE2A6EC120007DEEE5 /* ImageRecognitionWorkerImpl.swift */; };
		816C92B12A6ECB11007DEEE5 /* ImageRecognitionPresenterImpl.swift in Sources */ = {isa = PBXBuildFile; fileRef = 816C92B02A6ECB11007DEEE5 /* ImageRecognitionPresenterImpl.swift */; };
		8171605D2A08497100A08EFE /* GoogleService-Info.plist in Resources */ = {isa = PBXBuildFile; fileRef = 8171605C2A08497100A08EFE /* GoogleService-Info.plist */; };
		817160602A084AA200A08EFE /* FirebaseStorage in Frameworks */ = {isa = PBXBuildFile; productRef = 8171605F2A084AA200A08EFE /* FirebaseStorage */; };
		81B87D6229F012E40042A39C /* TableSearchViewControllerImpl.swift in Sources */ = {isa = PBXBuildFile; fileRef = 81B87D6129F012E40042A39C /* TableSearchViewControllerImpl.swift */; };
		81B87D6429F012F10042A39C /* TableSearchPresenterImpl.swift in Sources */ = {isa = PBXBuildFile; fileRef = 81B87D6329F012F10042A39C /* TableSearchPresenterImpl.swift */; };
		81B87D6629F012FD0042A39C /* TableSearchWorkerImpl.swift in Sources */ = {isa = PBXBuildFile; fileRef = 81B87D6529F012FD0042A39C /* TableSearchWorkerImpl.swift */; };
		81B87D6A29F013120042A39C /* TableSearchInteractorImpl.swift in Sources */ = {isa = PBXBuildFile; fileRef = 81B87D6929F013120042A39C /* TableSearchInteractorImpl.swift */; };
		81B87D6C29F0131D0042A39C /* TableSearchFactory.swift in Sources */ = {isa = PBXBuildFile; fileRef = 81B87D6B29F0131D0042A39C /* TableSearchFactory.swift */; };
		81B87D6E29F013590042A39C /* TableSearchRouterImpl.swift in Sources */ = {isa = PBXBuildFile; fileRef = 81B87D6D29F013590042A39C /* TableSearchRouterImpl.swift */; };
		81E25BFF2A8AE36600275ECE /* GlobalCache.swift in Sources */ = {isa = PBXBuildFile; fileRef = 81E25BFE2A8AE36600275ECE /* GlobalCache.swift */; };
/* End PBXBuildFile section */

/* Begin PBXContainerItemProxy section */
		81325C8929D101660063F0E1 /* PBXContainerItemProxy */ = {
			isa = PBXContainerItemProxy;
			containerPortal = 81325C6B29D101640063F0E1 /* Project object */;
			proxyType = 1;
			remoteGlobalIDString = 81325C7229D101640063F0E1;
			remoteInfo = BulAR;
		};
		81325C9329D101660063F0E1 /* PBXContainerItemProxy */ = {
			isa = PBXContainerItemProxy;
			containerPortal = 81325C6B29D101640063F0E1 /* Project object */;
			proxyType = 1;
			remoteGlobalIDString = 81325C7229D101640063F0E1;
			remoteInfo = BulAR;
		};
/* End PBXContainerItemProxy section */

/* Begin PBXFileReference section */
		81325C7329D101640063F0E1 /* BulAR.app */ = {isa = PBXFileReference; explicitFileType = wrapper.application; includeInIndex = 0; path = BulAR.app; sourceTree = BUILT_PRODUCTS_DIR; };
		81325C7629D101640063F0E1 /* AppDelegate.swift */ = {isa = PBXFileReference; lastKnownFileType = sourcecode.swift; path = AppDelegate.swift; sourceTree = "<group>"; };
		81325C7829D101640063F0E1 /* ImageRecognitionViewControllerImpl.swift */ = {isa = PBXFileReference; lastKnownFileType = sourcecode.swift; path = ImageRecognitionViewControllerImpl.swift; sourceTree = "<group>"; };
		81325C7A29D101640063F0E1 /* Experience.rcproject */ = {isa = PBXFileReference; lastKnownFileType = file.rcproject; path = Experience.rcproject; sourceTree = "<group>"; };
		81325C7F29D101660063F0E1 /* Assets.xcassets */ = {isa = PBXFileReference; lastKnownFileType = folder.assetcatalog; path = Assets.xcassets; sourceTree = "<group>"; };
		81325C8229D101660063F0E1 /* Base */ = {isa = PBXFileReference; lastKnownFileType = file.storyboard; name = Base; path = Base.lproj/LaunchScreen.storyboard; sourceTree = "<group>"; };
		81325C8829D101660063F0E1 /* BulARTests.xctest */ = {isa = PBXFileReference; explicitFileType = wrapper.cfbundle; includeInIndex = 0; path = BulARTests.xctest; sourceTree = BUILT_PRODUCTS_DIR; };
		81325C8C29D101660063F0E1 /* BulARTests.swift */ = {isa = PBXFileReference; lastKnownFileType = sourcecode.swift; path = BulARTests.swift; sourceTree = "<group>"; };
		81325C9229D101660063F0E1 /* BulARUITests.xctest */ = {isa = PBXFileReference; explicitFileType = wrapper.cfbundle; includeInIndex = 0; path = BulARUITests.xctest; sourceTree = BUILT_PRODUCTS_DIR; };
		81325C9629D101660063F0E1 /* BulARUITests.swift */ = {isa = PBXFileReference; lastKnownFileType = sourcecode.swift; path = BulARUITests.swift; sourceTree = "<group>"; };
		81325C9829D101660063F0E1 /* BulARUITestsLaunchTests.swift */ = {isa = PBXFileReference; lastKnownFileType = sourcecode.swift; path = BulARUITestsLaunchTests.swift; sourceTree = "<group>"; };
		813EEA9B29F05EB200A0CE97 /* Bula.swift */ = {isa = PBXFileReference; lastKnownFileType = sourcecode.swift; path = Bula.swift; sourceTree = "<group>"; };
		813EEA9D29F05EC300A0CE97 /* Categoria.swift */ = {isa = PBXFileReference; lastKnownFileType = sourcecode.swift; path = Categoria.swift; sourceTree = "<group>"; };
		813EEA9F29F05ECB00A0CE97 /* Fabricante.swift */ = {isa = PBXFileReference; lastKnownFileType = sourcecode.swift; path = Fabricante.swift; sourceTree = "<group>"; };
		813EEAA229F6ECAD00A0CE97 /* MedicineDetailsViewController.swift */ = {isa = PBXFileReference; lastKnownFileType = sourcecode.swift; path = MedicineDetailsViewController.swift; sourceTree = "<group>"; };
		813EEAA429F6ECB400A0CE97 /* MedicineDetailsFactory.swift */ = {isa = PBXFileReference; lastKnownFileType = sourcecode.swift; path = MedicineDetailsFactory.swift; sourceTree = "<group>"; };
		813EEAA629F6ECBE00A0CE97 /* MedicineDetailsRouter.swift */ = {isa = PBXFileReference; lastKnownFileType = sourcecode.swift; path = MedicineDetailsRouter.swift; sourceTree = "<group>"; };
		813EEAA829F6ECC700A0CE97 /* MedicineDetailsInteractor.swift */ = {isa = PBXFileReference; lastKnownFileType = sourcecode.swift; path = MedicineDetailsInteractor.swift; sourceTree = "<group>"; };
		813EEAAA29F6ECCE00A0CE97 /* MedicineDetailsView.swift */ = {isa = PBXFileReference; lastKnownFileType = sourcecode.swift; path = MedicineDetailsView.swift; sourceTree = "<group>"; };
		813EEAAC29F6ED9600A0CE97 /* MedicineDetailsPresenter.swift */ = {isa = PBXFileReference; lastKnownFileType = sourcecode.swift; path = MedicineDetailsPresenter.swift; sourceTree = "<group>"; };
		814E54E029D110900040A2F1 /* ImageRecognitionFactory.swift */ = {isa = PBXFileReference; lastKnownFileType = sourcecode.swift; path = ImageRecognitionFactory.swift; sourceTree = "<group>"; };
		816C92AA2A6EBB46007DEEE5 /* ImageRecognitionRouterImpl.swift */ = {isa = PBXFileReference; lastKnownFileType = sourcecode.swift; path = ImageRecognitionRouterImpl.swift; sourceTree = "<group>"; };
		816C92AC2A6EC0E4007DEEE5 /* ImageRecognitionInteractorImpl.swift */ = {isa = PBXFileReference; lastKnownFileType = sourcecode.swift; path = ImageRecognitionInteractorImpl.swift; sourceTree = "<group>"; };
		816C92AE2A6EC120007DEEE5 /* ImageRecognitionWorkerImpl.swift */ = {isa = PBXFileReference; lastKnownFileType = sourcecode.swift; path = ImageRecognitionWorkerImpl.swift; sourceTree = "<group>"; };
		816C92B02A6ECB11007DEEE5 /* ImageRecognitionPresenterImpl.swift */ = {isa = PBXFileReference; lastKnownFileType = sourcecode.swift; path = ImageRecognitionPresenterImpl.swift; sourceTree = "<group>"; };
		8171605C2A08497100A08EFE /* GoogleService-Info.plist */ = {isa = PBXFileReference; fileEncoding = 4; lastKnownFileType = text.plist.xml; name = "GoogleService-Info.plist"; path = "../../../../Downloads/GoogleService-Info.plist"; sourceTree = "<group>"; };
		81B87D6129F012E40042A39C /* TableSearchViewControllerImpl.swift */ = {isa = PBXFileReference; lastKnownFileType = sourcecode.swift; path = TableSearchViewControllerImpl.swift; sourceTree = "<group>"; };
		81B87D6329F012F10042A39C /* TableSearchPresenterImpl.swift */ = {isa = PBXFileReference; lastKnownFileType = sourcecode.swift; path = TableSearchPresenterImpl.swift; sourceTree = "<group>"; };
		81B87D6529F012FD0042A39C /* TableSearchWorkerImpl.swift */ = {isa = PBXFileReference; lastKnownFileType = sourcecode.swift; path = TableSearchWorkerImpl.swift; sourceTree = "<group>"; };
		81B87D6929F013120042A39C /* TableSearchInteractorImpl.swift */ = {isa = PBXFileReference; lastKnownFileType = sourcecode.swift; path = TableSearchInteractorImpl.swift; sourceTree = "<group>"; };
		81B87D6B29F0131D0042A39C /* TableSearchFactory.swift */ = {isa = PBXFileReference; lastKnownFileType = sourcecode.swift; path = TableSearchFactory.swift; sourceTree = "<group>"; };
		81B87D6D29F013590042A39C /* TableSearchRouterImpl.swift */ = {isa = PBXFileReference; lastKnownFileType = sourcecode.swift; path = TableSearchRouterImpl.swift; sourceTree = "<group>"; };
		81E25BFE2A8AE36600275ECE /* GlobalCache.swift */ = {isa = PBXFileReference; lastKnownFileType = sourcecode.swift; path = GlobalCache.swift; sourceTree = "<group>"; };
/* End PBXFileReference section */

/* Begin PBXFrameworksBuildPhase section */
		81325C7029D101640063F0E1 /* Frameworks */ = {
			isa = PBXFrameworksBuildPhase;
			buildActionMask = 2147483647;
			files = (
				817160602A084AA200A08EFE /* FirebaseStorage in Frameworks */,
			);
			runOnlyForDeploymentPostprocessing = 0;
		};
		81325C8529D101660063F0E1 /* Frameworks */ = {
			isa = PBXFrameworksBuildPhase;
			buildActionMask = 2147483647;
			files = (
			);
			runOnlyForDeploymentPostprocessing = 0;
		};
		81325C8F29D101660063F0E1 /* Frameworks */ = {
			isa = PBXFrameworksBuildPhase;
			buildActionMask = 2147483647;
			files = (
			);
			runOnlyForDeploymentPostprocessing = 0;
		};
/* End PBXFrameworksBuildPhase section */

/* Begin PBXGroup section */
		81325C6A29D101640063F0E1 = {
			isa = PBXGroup;
			children = (
				81325C7529D101640063F0E1 /* BulAR */,
				81325C8B29D101660063F0E1 /* BulARTests */,
				81325C9529D101660063F0E1 /* BulARUITests */,
				81325C7429D101640063F0E1 /* Products */,
			);
			sourceTree = "<group>";
		};
		81325C7429D101640063F0E1 /* Products */ = {
			isa = PBXGroup;
			children = (
				81325C7329D101640063F0E1 /* BulAR.app */,
				81325C8829D101660063F0E1 /* BulARTests.xctest */,
				81325C9229D101660063F0E1 /* BulARUITests.xctest */,
			);
			name = Products;
			sourceTree = "<group>";
		};
		81325C7529D101640063F0E1 /* BulAR */ = {
			isa = PBXGroup;
			children = (
				8171605C2A08497100A08EFE /* GoogleService-Info.plist */,
				813EEAA129F6EC8D00A0CE97 /* MedicineDetails */,
				813EEA9A29F05E8700A0CE97 /* Models */,
				81B87D6029F012C60042A39C /* TableSearch */,
				814E54DF29D1103A0040A2F1 /* ImageRecognition */,
				81325C7629D101640063F0E1 /* AppDelegate.swift */,
				81325C7A29D101640063F0E1 /* Experience.rcproject */,
				81325C7F29D101660063F0E1 /* Assets.xcassets */,
				81325C8129D101660063F0E1 /* LaunchScreen.storyboard */,
				81E25BFE2A8AE36600275ECE /* GlobalCache.swift */,
			);
			path = BulAR;
			sourceTree = "<group>";
		};
		81325C8B29D101660063F0E1 /* BulARTests */ = {
			isa = PBXGroup;
			children = (
				81325C8C29D101660063F0E1 /* BulARTests.swift */,
			);
			path = BulARTests;
			sourceTree = "<group>";
		};
		81325C9529D101660063F0E1 /* BulARUITests */ = {
			isa = PBXGroup;
			children = (
				81325C9629D101660063F0E1 /* BulARUITests.swift */,
				81325C9829D101660063F0E1 /* BulARUITestsLaunchTests.swift */,
			);
			path = BulARUITests;
			sourceTree = "<group>";
		};
		813EEA9A29F05E8700A0CE97 /* Models */ = {
			isa = PBXGroup;
			children = (
				813EEA9B29F05EB200A0CE97 /* Bula.swift */,
				813EEA9D29F05EC300A0CE97 /* Categoria.swift */,
				813EEA9F29F05ECB00A0CE97 /* Fabricante.swift */,
			);
			path = Models;
			sourceTree = "<group>";
		};
		813EEAA129F6EC8D00A0CE97 /* MedicineDetails */ = {
			isa = PBXGroup;
			children = (
				813EEAA229F6ECAD00A0CE97 /* MedicineDetailsViewController.swift */,
				813EEAA429F6ECB400A0CE97 /* MedicineDetailsFactory.swift */,
				813EEAA629F6ECBE00A0CE97 /* MedicineDetailsRouter.swift */,
				813EEAA829F6ECC700A0CE97 /* MedicineDetailsInteractor.swift */,
				813EEAAA29F6ECCE00A0CE97 /* MedicineDetailsView.swift */,
				813EEAAC29F6ED9600A0CE97 /* MedicineDetailsPresenter.swift */,
			);
			path = MedicineDetails;
			sourceTree = "<group>";
		};
		814E54DF29D1103A0040A2F1 /* ImageRecognition */ = {
			isa = PBXGroup;
			children = (
				81325C7829D101640063F0E1 /* ImageRecognitionViewControllerImpl.swift */,
				814E54E029D110900040A2F1 /* ImageRecognitionFactory.swift */,
				816C92AA2A6EBB46007DEEE5 /* ImageRecognitionRouterImpl.swift */,
				816C92AC2A6EC0E4007DEEE5 /* ImageRecognitionInteractorImpl.swift */,
				816C92AE2A6EC120007DEEE5 /* ImageRecognitionWorkerImpl.swift */,
				816C92B02A6ECB11007DEEE5 /* ImageRecognitionPresenterImpl.swift */,
			);
			path = ImageRecognition;
			sourceTree = "<group>";
		};
		81B87D6029F012C60042A39C /* TableSearch */ = {
			isa = PBXGroup;
			children = (
				81B87D6129F012E40042A39C /* TableSearchViewControllerImpl.swift */,
				81B87D6329F012F10042A39C /* TableSearchPresenterImpl.swift */,
				81B87D6529F012FD0042A39C /* TableSearchWorkerImpl.swift */,
				81B87D6929F013120042A39C /* TableSearchInteractorImpl.swift */,
				81B87D6B29F0131D0042A39C /* TableSearchFactory.swift */,
				81B87D6D29F013590042A39C /* TableSearchRouterImpl.swift */,
			);
			path = TableSearch;
			sourceTree = "<group>";
		};
/* End PBXGroup section */

/* Begin PBXNativeTarget section */
		81325C7229D101640063F0E1 /* BulAR */ = {
			isa = PBXNativeTarget;
			buildConfigurationList = 81325C9C29D101660063F0E1 /* Build configuration list for PBXNativeTarget "BulAR" */;
			buildPhases = (
				81325C6F29D101640063F0E1 /* Sources */,
				81325C7029D101640063F0E1 /* Frameworks */,
				81325C7129D101640063F0E1 /* Resources */,
			);
			buildRules = (
			);
			dependencies = (
			);
			name = BulAR;
			packageProductDependencies = (
				8171605F2A084AA200A08EFE /* FirebaseStorage */,
			);
			productName = BulAR;
			productReference = 81325C7329D101640063F0E1 /* BulAR.app */;
			productType = "com.apple.product-type.application";
		};
		81325C8729D101660063F0E1 /* BulARTests */ = {
			isa = PBXNativeTarget;
			buildConfigurationList = 81325C9F29D101660063F0E1 /* Build configuration list for PBXNativeTarget "BulARTests" */;
			buildPhases = (
				81325C8429D101660063F0E1 /* Sources */,
				81325C8529D101660063F0E1 /* Frameworks */,
				81325C8629D101660063F0E1 /* Resources */,
			);
			buildRules = (
			);
			dependencies = (
				81325C8A29D101660063F0E1 /* PBXTargetDependency */,
			);
			name = BulARTests;
			productName = BulARTests;
			productReference = 81325C8829D101660063F0E1 /* BulARTests.xctest */;
			productType = "com.apple.product-type.bundle.unit-test";
		};
		81325C9129D101660063F0E1 /* BulARUITests */ = {
			isa = PBXNativeTarget;
			buildConfigurationList = 81325CA229D101660063F0E1 /* Build configuration list for PBXNativeTarget "BulARUITests" */;
			buildPhases = (
				81325C8E29D101660063F0E1 /* Sources */,
				81325C8F29D101660063F0E1 /* Frameworks */,
				81325C9029D101660063F0E1 /* Resources */,
			);
			buildRules = (
			);
			dependencies = (
				81325C9429D101660063F0E1 /* PBXTargetDependency */,
			);
			name = BulARUITests;
			productName = BulARUITests;
			productReference = 81325C9229D101660063F0E1 /* BulARUITests.xctest */;
			productType = "com.apple.product-type.bundle.ui-testing";
		};
/* End PBXNativeTarget section */

/* Begin PBXProject section */
		81325C6B29D101640063F0E1 /* Project object */ = {
			isa = PBXProject;
			attributes = {
				BuildIndependentTargetsInParallel = 1;
				LastSwiftUpdateCheck = 1420;
				LastUpgradeCheck = 1420;
				TargetAttributes = {
					81325C7229D101640063F0E1 = {
						CreatedOnToolsVersion = 14.2;
					};
					81325C8729D101660063F0E1 = {
						CreatedOnToolsVersion = 14.2;
						TestTargetID = 81325C7229D101640063F0E1;
					};
					81325C9129D101660063F0E1 = {
						CreatedOnToolsVersion = 14.2;
						TestTargetID = 81325C7229D101640063F0E1;
					};
				};
			};
			buildConfigurationList = 81325C6E29D101640063F0E1 /* Build configuration list for PBXProject "BulAR" */;
			compatibilityVersion = "Xcode 14.0";
			developmentRegion = en;
			hasScannedForEncodings = 0;
			knownRegions = (
				en,
				Base,
			);
			mainGroup = 81325C6A29D101640063F0E1;
			packageReferences = (
				8171605E2A084AA200A08EFE /* XCRemoteSwiftPackageReference "firebase-ios-sdk" */,
			);
			productRefGroup = 81325C7429D101640063F0E1 /* Products */;
			projectDirPath = "";
			projectRoot = "";
			targets = (
				81325C7229D101640063F0E1 /* BulAR */,
				81325C8729D101660063F0E1 /* BulARTests */,
				81325C9129D101660063F0E1 /* BulARUITests */,
			);
		};
/* End PBXProject section */

/* Begin PBXResourcesBuildPhase section */
		81325C7129D101640063F0E1 /* Resources */ = {
			isa = PBXResourcesBuildPhase;
			buildActionMask = 2147483647;
			files = (
				81325C8329D101660063F0E1 /* LaunchScreen.storyboard in Resources */,
				81325C8029D101660063F0E1 /* Assets.xcassets in Resources */,
				8171605D2A08497100A08EFE /* GoogleService-Info.plist in Resources */,
			);
			runOnlyForDeploymentPostprocessing = 0;
		};
		81325C8629D101660063F0E1 /* Resources */ = {
			isa = PBXResourcesBuildPhase;
			buildActionMask = 2147483647;
			files = (
			);
			runOnlyForDeploymentPostprocessing = 0;
		};
		81325C9029D101660063F0E1 /* Resources */ = {
			isa = PBXResourcesBuildPhase;
			buildActionMask = 2147483647;
			files = (
			);
			runOnlyForDeploymentPostprocessing = 0;
		};
/* End PBXResourcesBuildPhase section */

/* Begin PBXSourcesBuildPhase section */
		81325C6F29D101640063F0E1 /* Sources */ = {
			isa = PBXSourcesBuildPhase;
			buildActionMask = 2147483647;
			files = (
				816C92AB2A6EBB46007DEEE5 /* ImageRecognitionRouterImpl.swift in Sources */,
				81B87D6229F012E40042A39C /* TableSearchViewControllerImpl.swift in Sources */,
				814E54E129D110900040A2F1 /* ImageRecognitionFactory.swift in Sources */,
				81B87D6629F012FD0042A39C /* TableSearchWorkerImpl.swift in Sources */,
				816C92AD2A6EC0E4007DEEE5 /* ImageRecognitionInteractorImpl.swift in Sources */,
				813EEAA929F6ECC700A0CE97 /* MedicineDetailsInteractor.swift in Sources */,
				813EEAA029F05ECB00A0CE97 /* Fabricante.swift in Sources */,
				813EEAAB29F6ECCE00A0CE97 /* MedicineDetailsView.swift in Sources */,
				81325C7929D101640063F0E1 /* ImageRecognitionViewControllerImpl.swift in Sources */,
				813EEAA329F6ECAD00A0CE97 /* MedicineDetailsViewController.swift in Sources */,
				813EEAAD29F6ED9600A0CE97 /* MedicineDetailsPresenter.swift in Sources */,
				81325C7729D101640063F0E1 /* AppDelegate.swift in Sources */,
				81B87D6E29F013590042A39C /* TableSearchRouterImpl.swift in Sources */,
				813EEA9C29F05EB200A0CE97 /* Bula.swift in Sources */,
				81325C7B29D101640063F0E1 /* Experience.rcproject in Sources */,
				813EEA9E29F05EC300A0CE97 /* Categoria.swift in Sources */,
				813EEAA729F6ECBE00A0CE97 /* MedicineDetailsRouter.swift in Sources */,
				816C92AF2A6EC120007DEEE5 /* ImageRecognitionWorkerImpl.swift in Sources */,
				81B87D6A29F013120042A39C /* TableSearchInteractorImpl.swift in Sources */,
				813EEAA529F6ECB400A0CE97 /* MedicineDetailsFactory.swift in Sources */,
				81B87D6429F012F10042A39C /* TableSearchPresenterImpl.swift in Sources */,
				81E25BFF2A8AE36600275ECE /* GlobalCache.swift in Sources */,
				81B87D6C29F0131D0042A39C /* TableSearchFactory.swift in Sources */,
				816C92B12A6ECB11007DEEE5 /* ImageRecognitionPresenterImpl.swift in Sources */,
			);
			runOnlyForDeploymentPostprocessing = 0;
		};
		81325C8429D101660063F0E1 /* Sources */ = {
			isa = PBXSourcesBuildPhase;
			buildActionMask = 2147483647;
			files = (
				81325C8D29D101660063F0E1 /* BulARTests.swift in Sources */,
			);
			runOnlyForDeploymentPostprocessing = 0;
		};
		81325C8E29D101660063F0E1 /* Sources */ = {
			isa = PBXSourcesBuildPhase;
			buildActionMask = 2147483647;
			files = (
				81325C9729D101660063F0E1 /* BulARUITests.swift in Sources */,
				81325C9929D101660063F0E1 /* BulARUITestsLaunchTests.swift in Sources */,
			);
			runOnlyForDeploymentPostprocessing = 0;
		};
/* End PBXSourcesBuildPhase section */

/* Begin PBXTargetDependency section */
		81325C8A29D101660063F0E1 /* PBXTargetDependency */ = {
			isa = PBXTargetDependency;
			target = 81325C7229D101640063F0E1 /* BulAR */;
			targetProxy = 81325C8929D101660063F0E1 /* PBXContainerItemProxy */;
		};
		81325C9429D101660063F0E1 /* PBXTargetDependency */ = {
			isa = PBXTargetDependency;
			target = 81325C7229D101640063F0E1 /* BulAR */;
			targetProxy = 81325C9329D101660063F0E1 /* PBXContainerItemProxy */;
		};
/* End PBXTargetDependency section */

/* Begin PBXVariantGroup section */
		81325C8129D101660063F0E1 /* LaunchScreen.storyboard */ = {
			isa = PBXVariantGroup;
			children = (
				81325C8229D101660063F0E1 /* Base */,
			);
			name = LaunchScreen.storyboard;
			sourceTree = "<group>";
		};
/* End PBXVariantGroup section */

/* Begin XCBuildConfiguration section */
		81325C9A29D101660063F0E1 /* Debug */ = {
			isa = XCBuildConfiguration;
			buildSettings = {
				ALWAYS_SEARCH_USER_PATHS = NO;
				CLANG_ANALYZER_NONNULL = YES;
				CLANG_ANALYZER_NUMBER_OBJECT_CONVERSION = YES_AGGRESSIVE;
				CLANG_CXX_LANGUAGE_STANDARD = "gnu++20";
				CLANG_ENABLE_MODULES = YES;
				CLANG_ENABLE_OBJC_ARC = YES;
				CLANG_ENABLE_OBJC_WEAK = YES;
				CLANG_WARN_BLOCK_CAPTURE_AUTORELEASING = YES;
				CLANG_WARN_BOOL_CONVERSION = YES;
				CLANG_WARN_COMMA = YES;
				CLANG_WARN_CONSTANT_CONVERSION = YES;
				CLANG_WARN_DEPRECATED_OBJC_IMPLEMENTATIONS = YES;
				CLANG_WARN_DIRECT_OBJC_ISA_USAGE = YES_ERROR;
				CLANG_WARN_DOCUMENTATION_COMMENTS = YES;
				CLANG_WARN_EMPTY_BODY = YES;
				CLANG_WARN_ENUM_CONVERSION = YES;
				CLANG_WARN_INFINITE_RECURSION = YES;
				CLANG_WARN_INT_CONVERSION = YES;
				CLANG_WARN_NON_LITERAL_NULL_CONVERSION = YES;
				CLANG_WARN_OBJC_IMPLICIT_RETAIN_SELF = YES;
				CLANG_WARN_OBJC_LITERAL_CONVERSION = YES;
				CLANG_WARN_OBJC_ROOT_CLASS = YES_ERROR;
				CLANG_WARN_QUOTED_INCLUDE_IN_FRAMEWORK_HEADER = YES;
				CLANG_WARN_RANGE_LOOP_ANALYSIS = YES;
				CLANG_WARN_STRICT_PROTOTYPES = YES;
				CLANG_WARN_SUSPICIOUS_MOVE = YES;
				CLANG_WARN_UNGUARDED_AVAILABILITY = YES_AGGRESSIVE;
				CLANG_WARN_UNREACHABLE_CODE = YES;
				CLANG_WARN__DUPLICATE_METHOD_MATCH = YES;
				COPY_PHASE_STRIP = NO;
				DEBUG_INFORMATION_FORMAT = dwarf;
				ENABLE_STRICT_OBJC_MSGSEND = YES;
				ENABLE_TESTABILITY = YES;
				GCC_C_LANGUAGE_STANDARD = gnu11;
				GCC_DYNAMIC_NO_PIC = NO;
				GCC_NO_COMMON_BLOCKS = YES;
				GCC_OPTIMIZATION_LEVEL = 0;
				GCC_PREPROCESSOR_DEFINITIONS = (
					"DEBUG=1",
					"$(inherited)",
				);
				GCC_WARN_64_TO_32_BIT_CONVERSION = YES;
				GCC_WARN_ABOUT_RETURN_TYPE = YES_ERROR;
				GCC_WARN_UNDECLARED_SELECTOR = YES;
				GCC_WARN_UNINITIALIZED_AUTOS = YES_AGGRESSIVE;
				GCC_WARN_UNUSED_FUNCTION = YES;
				GCC_WARN_UNUSED_VARIABLE = YES;
				IPHONEOS_DEPLOYMENT_TARGET = 16.2;
				MTL_ENABLE_DEBUG_INFO = INCLUDE_SOURCE;
				MTL_FAST_MATH = YES;
				ONLY_ACTIVE_ARCH = YES;
				SDKROOT = iphoneos;
				SWIFT_ACTIVE_COMPILATION_CONDITIONS = DEBUG;
				SWIFT_OPTIMIZATION_LEVEL = "-Onone";
			};
			name = Debug;
		};
		81325C9B29D101660063F0E1 /* Release */ = {
			isa = XCBuildConfiguration;
			buildSettings = {
				ALWAYS_SEARCH_USER_PATHS = NO;
				CLANG_ANALYZER_NONNULL = YES;
				CLANG_ANALYZER_NUMBER_OBJECT_CONVERSION = YES_AGGRESSIVE;
				CLANG_CXX_LANGUAGE_STANDARD = "gnu++20";
				CLANG_ENABLE_MODULES = YES;
				CLANG_ENABLE_OBJC_ARC = YES;
				CLANG_ENABLE_OBJC_WEAK = YES;
				CLANG_WARN_BLOCK_CAPTURE_AUTORELEASING = YES;
				CLANG_WARN_BOOL_CONVERSION = YES;
				CLANG_WARN_COMMA = YES;
				CLANG_WARN_CONSTANT_CONVERSION = YES;
				CLANG_WARN_DEPRECATED_OBJC_IMPLEMENTATIONS = YES;
				CLANG_WARN_DIRECT_OBJC_ISA_USAGE = YES_ERROR;
				CLANG_WARN_DOCUMENTATION_COMMENTS = YES;
				CLANG_WARN_EMPTY_BODY = YES;
				CLANG_WARN_ENUM_CONVERSION = YES;
				CLANG_WARN_INFINITE_RECURSION = YES;
				CLANG_WARN_INT_CONVERSION = YES;
				CLANG_WARN_NON_LITERAL_NULL_CONVERSION = YES;
				CLANG_WARN_OBJC_IMPLICIT_RETAIN_SELF = YES;
				CLANG_WARN_OBJC_LITERAL_CONVERSION = YES;
				CLANG_WARN_OBJC_ROOT_CLASS = YES_ERROR;
				CLANG_WARN_QUOTED_INCLUDE_IN_FRAMEWORK_HEADER = YES;
				CLANG_WARN_RANGE_LOOP_ANALYSIS = YES;
				CLANG_WARN_STRICT_PROTOTYPES = YES;
				CLANG_WARN_SUSPICIOUS_MOVE = YES;
				CLANG_WARN_UNGUARDED_AVAILABILITY = YES_AGGRESSIVE;
				CLANG_WARN_UNREACHABLE_CODE = YES;
				CLANG_WARN__DUPLICATE_METHOD_MATCH = YES;
				COPY_PHASE_STRIP = NO;
				DEBUG_INFORMATION_FORMAT = "dwarf-with-dsym";
				ENABLE_NS_ASSERTIONS = NO;
				ENABLE_STRICT_OBJC_MSGSEND = YES;
				GCC_C_LANGUAGE_STANDARD = gnu11;
				GCC_NO_COMMON_BLOCKS = YES;
				GCC_WARN_64_TO_32_BIT_CONVERSION = YES;
				GCC_WARN_ABOUT_RETURN_TYPE = YES_ERROR;
				GCC_WARN_UNDECLARED_SELECTOR = YES;
				GCC_WARN_UNINITIALIZED_AUTOS = YES_AGGRESSIVE;
				GCC_WARN_UNUSED_FUNCTION = YES;
				GCC_WARN_UNUSED_VARIABLE = YES;
				IPHONEOS_DEPLOYMENT_TARGET = 16.2;
				MTL_ENABLE_DEBUG_INFO = NO;
				MTL_FAST_MATH = YES;
				SDKROOT = iphoneos;
				SWIFT_COMPILATION_MODE = wholemodule;
				SWIFT_OPTIMIZATION_LEVEL = "-O";
				VALIDATE_PRODUCT = YES;
			};
			name = Release;
		};
		81325C9D29D101660063F0E1 /* Debug */ = {
			isa = XCBuildConfiguration;
			buildSettings = {
				ASSETCATALOG_COMPILER_APPICON_NAME = AppIcon;
				ASSETCATALOG_COMPILER_GLOBAL_ACCENT_COLOR_NAME = AccentColor;
				CODE_SIGN_STYLE = Automatic;
				CURRENT_PROJECT_VERSION = 1;
				DEVELOPMENT_TEAM = TX88D8XM39;
				GENERATE_INFOPLIST_FILE = YES;
				INFOPLIST_KEY_NSCameraUsageDescription = "";
				INFOPLIST_KEY_UIApplicationSupportsIndirectInputEvents = YES;
				INFOPLIST_KEY_UILaunchStoryboardName = LaunchScreen;
				INFOPLIST_KEY_UIRequiredDeviceCapabilities = arkit;
				INFOPLIST_KEY_UIStatusBarHidden = YES;
				INFOPLIST_KEY_UISupportedInterfaceOrientations = UIInterfaceOrientationPortrait;
				LD_RUNPATH_SEARCH_PATHS = (
					"$(inherited)",
					"@executable_path/Frameworks",
				);
				MARKETING_VERSION = 1.0;
				PRODUCT_BUNDLE_IDENTIFIER = br.lucahummel.BulAR;
				PRODUCT_NAME = "$(TARGET_NAME)";
				SUPPORTED_PLATFORMS = "iphoneos iphonesimulator";
				SUPPORTS_MACCATALYST = NO;
				SUPPORTS_MAC_DESIGNED_FOR_IPHONE_IPAD = NO;
				SWIFT_EMIT_LOC_STRINGS = YES;
				SWIFT_VERSION = 5.0;
				TARGETED_DEVICE_FAMILY = 1;
			};
			name = Debug;
		};
		81325C9E29D101660063F0E1 /* Release */ = {
			isa = XCBuildConfiguration;
			buildSettings = {
				ASSETCATALOG_COMPILER_APPICON_NAME = AppIcon;
				ASSETCATALOG_COMPILER_GLOBAL_ACCENT_COLOR_NAME = AccentColor;
				CODE_SIGN_STYLE = Automatic;
				CURRENT_PROJECT_VERSION = 1;
				DEVELOPMENT_TEAM = TX88D8XM39;
				GENERATE_INFOPLIST_FILE = YES;
				INFOPLIST_KEY_NSCameraUsageDescription = "";
				INFOPLIST_KEY_UIApplicationSupportsIndirectInputEvents = YES;
				INFOPLIST_KEY_UILaunchStoryboardName = LaunchScreen;
				INFOPLIST_KEY_UIRequiredDeviceCapabilities = arkit;
				INFOPLIST_KEY_UIStatusBarHidden = YES;
				INFOPLIST_KEY_UISupportedInterfaceOrientations = UIInterfaceOrientationPortrait;
				LD_RUNPATH_SEARCH_PATHS = (
					"$(inherited)",
					"@executable_path/Frameworks",
				);
				MARKETING_VERSION = 1.0;
				PRODUCT_BUNDLE_IDENTIFIER = br.lucahummel.BulAR;
				PRODUCT_NAME = "$(TARGET_NAME)";
				SUPPORTED_PLATFORMS = "iphoneos iphonesimulator";
				SUPPORTS_MACCATALYST = NO;
				SUPPORTS_MAC_DESIGNED_FOR_IPHONE_IPAD = NO;
				SWIFT_EMIT_LOC_STRINGS = YES;
				SWIFT_VERSION = 5.0;
				TARGETED_DEVICE_FAMILY = 1;
			};
			name = Release;
		};
		81325CA029D101660063F0E1 /* Debug */ = {
			isa = XCBuildConfiguration;
			buildSettings = {
				ALWAYS_EMBED_SWIFT_STANDARD_LIBRARIES = YES;
				BUNDLE_LOADER = "$(TEST_HOST)";
				CODE_SIGN_STYLE = Automatic;
				CURRENT_PROJECT_VERSION = 1;
				DEVELOPMENT_TEAM = TX88D8XM39;
				GENERATE_INFOPLIST_FILE = YES;
				IPHONEOS_DEPLOYMENT_TARGET = 16.2;
				MARKETING_VERSION = 1.0;
				PRODUCT_BUNDLE_IDENTIFIER = br.lucahummel.BulARTests;
				PRODUCT_NAME = "$(TARGET_NAME)";
				SWIFT_EMIT_LOC_STRINGS = NO;
				SWIFT_VERSION = 5.0;
				TARGETED_DEVICE_FAMILY = "1,2";
				TEST_HOST = "$(BUILT_PRODUCTS_DIR)/BulAR.app/$(BUNDLE_EXECUTABLE_FOLDER_PATH)/BulAR";
			};
			name = Debug;
		};
		81325CA129D101660063F0E1 /* Release */ = {
			isa = XCBuildConfiguration;
			buildSettings = {
				ALWAYS_EMBED_SWIFT_STANDARD_LIBRARIES = YES;
				BUNDLE_LOADER = "$(TEST_HOST)";
				CODE_SIGN_STYLE = Automatic;
				CURRENT_PROJECT_VERSION = 1;
				DEVELOPMENT_TEAM = TX88D8XM39;
				GENERATE_INFOPLIST_FILE = YES;
				IPHONEOS_DEPLOYMENT_TARGET = 16.2;
				MARKETING_VERSION = 1.0;
				PRODUCT_BUNDLE_IDENTIFIER = br.lucahummel.BulARTests;
				PRODUCT_NAME = "$(TARGET_NAME)";
				SWIFT_EMIT_LOC_STRINGS = NO;
				SWIFT_VERSION = 5.0;
				TARGETED_DEVICE_FAMILY = "1,2";
				TEST_HOST = "$(BUILT_PRODUCTS_DIR)/BulAR.app/$(BUNDLE_EXECUTABLE_FOLDER_PATH)/BulAR";
			};
			name = Release;
		};
		81325CA329D101660063F0E1 /* Debug */ = {
			isa = XCBuildConfiguration;
			buildSettings = {
				ALWAYS_EMBED_SWIFT_STANDARD_LIBRARIES = YES;
				CODE_SIGN_STYLE = Automatic;
				CURRENT_PROJECT_VERSION = 1;
				DEVELOPMENT_TEAM = TX88D8XM39;
				GENERATE_INFOPLIST_FILE = YES;
				MARKETING_VERSION = 1.0;
				PRODUCT_BUNDLE_IDENTIFIER = br.lucahummel.BulARUITests;
				PRODUCT_NAME = "$(TARGET_NAME)";
				SWIFT_EMIT_LOC_STRINGS = NO;
				SWIFT_VERSION = 5.0;
				TARGETED_DEVICE_FAMILY = "1,2";
				TEST_TARGET_NAME = BulAR;
			};
			name = Debug;
		};
		81325CA429D101660063F0E1 /* Release */ = {
			isa = XCBuildConfiguration;
			buildSettings = {
				ALWAYS_EMBED_SWIFT_STANDARD_LIBRARIES = YES;
				CODE_SIGN_STYLE = Automatic;
				CURRENT_PROJECT_VERSION = 1;
				DEVELOPMENT_TEAM = TX88D8XM39;
				GENERATE_INFOPLIST_FILE = YES;
				MARKETING_VERSION = 1.0;
				PRODUCT_BUNDLE_IDENTIFIER = br.lucahummel.BulARUITests;
				PRODUCT_NAME = "$(TARGET_NAME)";
				SWIFT_EMIT_LOC_STRINGS = NO;
				SWIFT_VERSION = 5.0;
				TARGETED_DEVICE_FAMILY = "1,2";
				TEST_TARGET_NAME = BulAR;
			};
			name = Release;
		};
/* End XCBuildConfiguration section */

/* Begin XCConfigurationList section */
		81325C6E29D101640063F0E1 /* Build configuration list for PBXProject "BulAR" */ = {
			isa = XCConfigurationList;
			buildConfigurations = (
				81325C9A29D101660063F0E1 /* Debug */,
				81325C9B29D101660063F0E1 /* Release */,
			);
			defaultConfigurationIsVisible = 0;
			defaultConfigurationName = Release;
		};
		81325C9C29D101660063F0E1 /* Build configuration list for PBXNativeTarget "BulAR" */ = {
			isa = XCConfigurationList;
			buildConfigurations = (
				81325C9D29D101660063F0E1 /* Debug */,
				81325C9E29D101660063F0E1 /* Release */,
			);
			defaultConfigurationIsVisible = 0;
			defaultConfigurationName = Release;
		};
		81325C9F29D101660063F0E1 /* Build configuration list for PBXNativeTarget "BulARTests" */ = {
			isa = XCConfigurationList;
			buildConfigurations = (
				81325CA029D101660063F0E1 /* Debug */,
				81325CA129D101660063F0E1 /* Release */,
			);
			defaultConfigurationIsVisible = 0;
			defaultConfigurationName = Release;
		};
		81325CA229D101660063F0E1 /* Build configuration list for PBXNativeTarget "BulARUITests" */ = {
			isa = XCConfigurationList;
			buildConfigurations = (
				81325CA329D101660063F0E1 /* Debug */,
				81325CA429D101660063F0E1 /* Release */,
			);
			defaultConfigurationIsVisible = 0;
			defaultConfigurationName = Release;
		};
/* End XCConfigurationList section */

/* Begin XCRemoteSwiftPackageReference section */
		8171605E2A084AA200A08EFE /* XCRemoteSwiftPackageReference "firebase-ios-sdk" */ = {
			isa = XCRemoteSwiftPackageReference;
			repositoryURL = "https://github.com/firebase/firebase-ios-sdk";
			requirement = {
				branch = master;
				kind = branch;
			};
		};
/* End XCRemoteSwiftPackageReference section */

/* Begin XCSwiftPackageProductDependency section */
		8171605F2A084AA200A08EFE /* FirebaseStorage */ = {
			isa = XCSwiftPackageProductDependency;
			package = 8171605E2A084AA200A08EFE /* XCRemoteSwiftPackageReference "firebase-ios-sdk" */;
			productName = FirebaseStorage;
		};
/* End XCSwiftPackageProductDependency section */
	};
	rootObject = 81325C6B29D101640063F0E1 /* Project object */;
}
